
Microsoft Visual Studio Solution File, Format Version 12.00
# Visual Studio Version 17
VisualStudioVersion = 17.14.36414.22 d17.14
MinimumVisualStudioVersion = 10.0.40219.1
Project("{2150E333-8FDC-42A3-9474-1A3956D46DE8}") = "src", "src", "{C33A7251-2E17-49AF-A9D3-F3374EE5954D}"
EndProject
Project("{2150E333-8FDC-42A3-9474-1A3956D46DE8}") = "Web", "Web", "{4710DE74-2B31-4513-B389-E5BE7FB75E83}"
EndProject
Project("{FAE04EC0-301F-11D3-BF4B-00C04F79EFBC}") = "TheGameVoice.Web", "src\Web\TheGameVoice.Web\TheGameVoice.Web.csproj", "{B36AFB45-96D0-4A0F-9A7B-4D6FBD1A9377}"
EndProject
Project("{FAE04EC0-301F-11D3-BF4B-00C04F79EFBC}") = "TheGameVoice.API", "src\Web\TheGameVoice.API\TheGameVoice.API.csproj", "{3D65C77A-DA1F-4825-B7AC-20B0B0313CE5}"
EndProject
Project("{2150E333-8FDC-42A3-9474-1A3956D46DE8}") = "Application", "Application", "{56617C9A-A6A0-44CD-8869-1019C70AD5A5}"
EndProject
Project("{FAE04EC0-301F-11D3-BF4B-00C04F79EFBC}") = "TheGameVoice.Application", "src\Application\TheGameVoice.Application\TheGameVoice.Application.csproj", "{3E514796-F9A6-43F3-823E-D86086178918}"
EndProject
Project("{2150E333-8FDC-42A3-9474-1A3956D46DE8}") = "Domain", "Domain", "{E338D2B1-FD28-4898-8F7E-24C66323B058}"
EndProject
Project("{FAE04EC0-301F-11D3-BF4B-00C04F79EFBC}") = "TheGameVoice.Domain", "src\Domain\TheGameVoice.Domain\TheGameVoice.Domain.csproj", "{FA221D2E-4BCD-4B5E-B6F9-2B0D067AC44A}"
EndProject
Project("{2150E333-8FDC-42A3-9474-1A3956D46DE8}") = "Infrastructure", "Infrastructure", "{46379ECC-085E-4651-953A-8A5B48C7C66C}"
EndProject
Project("{FAE04EC0-301F-11D3-BF4B-00C04F79EFBC}") = "TheGameVoice.Infrastructure", "src\Infrastructure\TheGameVoice.Infrastructure\TheGameVoice.Infrastructure.csproj", "{C1A1F2EC-DF8C-442E-9064-5681ED52F169}"
EndProject
Project("{2150E333-8FDC-42A3-9474-1A3956D46DE8}") = "Shared", "Shared", "{80A9CAB9-F617-45FA-A4E6-35EB13E8B556}"
EndProject
Project("{FAE04EC0-301F-11D3-BF4B-00C04F79EFBC}") = "TheGameVoice.Shared", "src\Shared\TheGameVoice.Shared\TheGameVoice.Shared.csproj", "{11A76ACC-7D58-4A45-8D38-53FA0D55F43F}"
EndProject
Global
	GlobalSection(SolutionConfigurationPlatforms) = preSolution
		Debug|Any CPU = Debug|Any CPU
		Debug|x64 = Debug|x64
		Debug|x86 = Debug|x86
		Release|Any CPU = Release|Any CPU
		Release|x64 = Release|x64
		Release|x86 = Release|x86
	EndGlobalSection
	GlobalSection(ProjectConfigurationPlatforms) = postSolution
		{B36AFB45-96D0-4A0F-9A7B-4D6FBD1A9377}.Debug|Any CPU.ActiveCfg = Debug|Any CPU
		{B36AFB45-96D0-4A0F-9A7B-4D6FBD1A9377}.Debug|Any CPU.Build.0 = Debug|Any CPU
		{B36AFB45-96D0-4A0F-9A7B-4D6FBD1A9377}.Debug|x64.ActiveCfg = Debug|Any CPU
		{B36AFB45-96D0-4A0F-9A7B-4D6FBD1A9377}.Debug|x64.Build.0 = Debug|Any CPU
		{B36AFB45-96D0-4A0F-9A7B-4D6FBD1A9377}.Debug|x86.ActiveCfg = Debug|Any CPU
		{B36AFB45-96D0-4A0F-9A7B-4D6FBD1A9377}.Debug|x86.Build.0 = Debug|Any CPU
		{B36AFB45-96D0-4A0F-9A7B-4D6FBD1A9377}.Release|Any CPU.ActiveCfg = Release|Any CPU
		{B36AFB45-96D0-4A0F-9A7B-4D6FBD1A9377}.Release|Any CPU.Build.0 = Release|Any CPU
		{B36AFB45-96D0-4A0F-9A7B-4D6FBD1A9377}.Release|x64.ActiveCfg = Release|Any CPU
		{B36AFB45-96D0-4A0F-9A7B-4D6FBD1A9377}.Release|x64.Build.0 = Release|Any CPU
		{B36AFB45-96D0-4A0F-9A7B-4D6FBD1A9377}.Release|x86.ActiveCfg = Release|Any CPU
		{B36AFB45-96D0-4A0F-9A7B-4D6FBD1A9377}.Release|x86.Build.0 = Release|Any CPU
		{3D65C77A-DA1F-4825-B7AC-20B0B0313CE5}.Debug|Any CPU.ActiveCfg = Debug|Any CPU
		{3D65C77A-DA1F-4825-B7AC-20B0B0313CE5}.Debug|Any CPU.Build.0 = Debug|Any CPU
		{3D65C77A-DA1F-4825-B7AC-20B0B0313CE5}.Debug|x64.ActiveCfg = Debug|Any CPU
		{3D65C77A-DA1F-4825-B7AC-20B0B0313CE5}.Debug|x64.Build.0 = Debug|Any CPU
		{3D65C77A-DA1F-4825-B7AC-20B0B0313CE5}.Debug|x86.ActiveCfg = Debug|Any CPU
		{3D65C77A-DA1F-4825-B7AC-20B0B0313CE5}.Debug|x86.Build.0 = Debug|Any CPU
		{3D65C77A-DA1F-4825-B7AC-20B0B0313CE5}.Release|Any CPU.ActiveCfg = Release|Any CPU
		{3D65C77A-DA1F-4825-B7AC-20B0B0313CE5}.Release|Any CPU.Build.0 = Release|Any CPU
		{3D65C77A-DA1F-4825-B7AC-20B0B0313CE5}.Release|x64.ActiveCfg = Release|Any CPU
		{3D65C77A-DA1F-4825-B7AC-20B0B0313CE5}.Release|x64.Build.0 = Release|Any CPU
		{3D65C77A-DA1F-4825-B7AC-20B0B0313CE5}.Release|x86.ActiveCfg = Release|Any CPU
		{3D65C77A-DA1F-4825-B7AC-20B0B0313CE5}.Release|x86.Build.0 = Release|Any CPU
		{3E514796-F9A6-43F3-823E-D86086178918}.Debug|Any CPU.ActiveCfg = Debug|Any CPU
		{3E514796-F9A6-43F3-823E-D86086178918}.Debug|Any CPU.Build.0 = Debug|Any CPU
		{3E514796-F9A6-43F3-823E-D86086178918}.Debug|x64.ActiveCfg = Debug|Any CPU
		{3E514796-F9A6-43F3-823E-D86086178918}.Debug|x64.Build.0 = Debug|Any CPU
		{3E514796-F9A6-43F3-823E-D86086178918}.Debug|x86.ActiveCfg = Debug|Any CPU
		{3E514796-F9A6-43F3-823E-D86086178918}.Debug|x86.Build.0 = Debug|Any CPU
		{3E514796-F9A6-43F3-823E-D86086178918}.Release|Any CPU.ActiveCfg = Release|Any CPU
		{3E514796-F9A6-43F3-823E-D86086178918}.Release|Any CPU.Build.0 = Release|Any CPU
		{3E514796-F9A6-43F3-823E-D86086178918}.Release|x64.ActiveCfg = Release|Any CPU
		{3E514796-F9A6-43F3-823E-D86086178918}.Release|x64.Build.0 = Release|Any CPU
		{3E514796-F9A6-43F3-823E-D86086178918}.Release|x86.ActiveCfg = Release|Any CPU
		{3E514796-F9A6-43F3-823E-D86086178918}.Release|x86.Build.0 = Release|Any CPU
		{FA221D2E-4BCD-4B5E-B6F9-2B0D067AC44A}.Debug|Any CPU.ActiveCfg = Debug|Any CPU
		{FA221D2E-4BCD-4B5E-B6F9-2B0D067AC44A}.Debug|Any CPU.Build.0 = Debug|Any CPU
		{FA221D2E-4BCD-4B5E-B6F9-2B0D067AC44A}.Debug|x64.ActiveCfg = Debug|Any CPU
		{FA221D2E-4BCD-4B5E-B6F9-2B0D067AC44A}.Debug|x64.Build.0 = Debug|Any CPU
		{FA221D2E-4BCD-4B5E-B6F9-2B0D067AC44A}.Debug|x86.ActiveCfg = Debug|Any CPU
		{FA221D2E-4BCD-4B5E-B6F9-2B0D067AC44A}.Debug|x86.Build.0 = Debug|Any CPU
		{FA221D2E-4BCD-4B5E-B6F9-2B0D067AC44A}.Release|Any CPU.ActiveCfg = Release|Any CPU
		{FA221D2E-4BCD-4B5E-B6F9-2B0D067AC44A}.Release|Any CPU.Build.0 = Release|Any CPU
		{FA221D2E-4BCD-4B5E-B6F9-2B0D067AC44A}.Release|x64.ActiveCfg = Release|Any CPU
		{FA221D2E-4BCD-4B5E-B6F9-2B0D067AC44A}.Release|x64.Build.0 = Release|Any CPU
		{FA221D2E-4BCD-4B5E-B6F9-2B0D067AC44A}.Release|x86.ActiveCfg = Release|Any CPU
		{FA221D2E-4BCD-4B5E-B6F9-2B0D067AC44A}.Release|x86.Build.0 = Release|Any CPU
		{C1A1F2EC-DF8C-442E-9064-5681ED52F169}.Debug|Any CPU.ActiveCfg = Debug|Any CPU
		{C1A1F2EC-DF8C-442E-9064-5681ED52F169}.Debug|Any CPU.Build.0 = Debug|Any CPU
		{C1A1F2EC-DF8C-442E-9064-5681ED52F169}.Debug|x64.ActiveCfg = Debug|Any CPU
		{C1A1F2EC-DF8C-442E-9064-5681ED52F169}.Debug|x64.Build.0 = Debug|Any CPU
		{C1A1F2EC-DF8C-442E-9064-5681ED52F169}.Debug|x86.ActiveCfg = Debug|Any CPU
		{C1A1F2EC-DF8C-442E-9064-5681ED52F169}.Debug|x86.Build.0 = Debug|Any CPU
		{C1A1F2EC-DF8C-442E-9064-5681ED52F169}.Release|Any CPU.ActiveCfg = Release|Any CPU
		{C1A1F2EC-DF8C-442E-9064-5681ED52F169}.Release|Any CPU.Build.0 = Release|Any CPU
		{C1A1F2EC-DF8C-442E-9064-5681ED52F169}.Release|x64.ActiveCfg = Release|Any CPU
		{C1A1F2EC-DF8C-442E-9064-5681ED52F169}.Release|x64.Build.0 = Release|Any CPU
		{C1A1F2EC-DF8C-442E-9064-5681ED52F169}.Release|x86.ActiveCfg = Release|Any CPU
		{C1A1F2EC-DF8C-442E-9064-5681ED52F169}.Release|x86.Build.0 = Release|Any CPU
		{11A76ACC-7D58-4A45-8D38-53FA0D55F43F}.Debug|Any CPU.ActiveCfg = Debug|Any CPU
		{11A76ACC-7D58-4A45-8D38-53FA0D55F43F}.Debug|Any CPU.Build.0 = Debug|Any CPU
		{11A76ACC-7D58-4A45-8D38-53FA0D55F43F}.Debug|x64.ActiveCfg = Debug|Any CPU
		{11A76ACC-7D58-4A45-8D38-53FA0D55F43F}.Debug|x64.Build.0 = Debug|Any CPU
		{11A76ACC-7D58-4A45-8D38-53FA0D55F43F}.Debug|x86.ActiveCfg = Debug|Any CPU
		{11A76ACC-7D58-4A45-8D38-53FA0D55F43F}.Debug|x86.Build.0 = Debug|Any CPU
		{11A76ACC-7D58-4A45-8D38-53FA0D55F43F}.Release|Any CPU.ActiveCfg = Release|Any CPU
		{11A76ACC-7D58-4A45-8D38-53FA0D55F43F}.Release|Any CPU.Build.0 = Release|Any CPU
		{11A76ACC-7D58-4A45-8D38-53FA0D55F43F}.Release|x64.ActiveCfg = Release|Any CPU
		{11A76ACC-7D58-4A45-8D38-53FA0D55F43F}.Release|x64.Build.0 = Release|Any CPU
		{11A76ACC-7D58-4A45-8D38-53FA0D55F43F}.Release|x86.ActiveCfg = Release|Any CPU
		{11A76ACC-7D58-4A45-8D38-53FA0D55F43F}.Release|x86.Build.0 = Release|Any CPU
	EndGlobalSection
	GlobalSection(SolutionProperties) = preSolution
		HideSolutionNode = FALSE
	EndGlobalSection
	GlobalSection(NestedProjects) = preSolution
		{4710DE74-2B31-4513-B389-E5BE7FB75E83} = {C33A7251-2E17-49AF-A9D3-F3374EE5954D}
		{B36AFB45-96D0-4A0F-9A7B-4D6FBD1A9377} = {4710DE74-2B31-4513-B389-E5BE7FB75E83}
		{3D65C77A-DA1F-4825-B7AC-20B0B0313CE5} = {4710DE74-2B31-4513-B389-E5BE7FB75E83}
		{56617C9A-A6A0-44CD-8869-1019C70AD5A5} = {C33A7251-2E17-49AF-A9D3-F3374EE5954D}
		{3E514796-F9A6-43F3-823E-D86086178918} = {56617C9A-A6A0-44CD-8869-1019C70AD5A5}
		{E338D2B1-FD28-4898-8F7E-24C66323B058} = {C33A7251-2E17-49AF-A9D3-F3374EE5954D}
		{FA221D2E-4BCD-4B5E-B6F9-2B0D067AC44A} = {E338D2B1-FD28-4898-8F7E-24C66323B058}
		{46379ECC-085E-4651-953A-8A5B48C7C66C} = {C33A7251-2E17-49AF-A9D3-F3374EE5954D}
		{C1A1F2EC-DF8C-442E-9064-5681ED52F169} = {46379ECC-085E-4651-953A-8A5B48C7C66C}
		{80A9CAB9-F617-45FA-A4E6-35EB13E8B556} = {C33A7251-2E17-49AF-A9D3-F3374EE5954D}
		{11A76ACC-7D58-4A45-8D38-53FA0D55F43F} = {80A9CAB9-F617-45FA-A4E6-35EB13E8B556}
	EndGlobalSection
	GlobalSection(ExtensibilityGlobals) = postSolution
		SolutionGuid = {C297E8FF-3925-4F02-BF58-497AD22E4FAA}
	EndGlobalSection
EndGlobal
